
Microsoft Visual Studio Solution File, Format Version 12.00
# Visual Studio Version 17
VisualStudioVersion = 17.10.35122.118
MinimumVisualStudioVersion = 10.0.40219.1
Project("{FAE04EC0-301F-11D3-BF4B-00C04F79EFBC}") = "Task-3", "Task-3.csproj", "{FB2F7126-3599-4B4E-BFAA-018FD706E3B1}"
EndProject
Global
	GlobalSection(SolutionConfigurationPlatforms) = preSolution
		Debug|Any CPU = Debug|Any CPU
		Release|Any CPU = Release|Any CPU
	EndGlobalSection
	GlobalSection(ProjectConfigurationPlatforms) = postSolution
		{FB2F7126-3599-4B4E-BFAA-018FD706E3B1}.Debug|Any CPU.ActiveCfg = Debug|Any CPU
		{FB2F7126-3599-4B4E-BFAA-018FD706E3B1}.Debug|Any CPU.Build.0 = Debug|Any CPU
		{FB2F7126-3599-4B4E-BFAA-018FD706E3B1}.Release|Any CPU.ActiveCfg = Release|Any CPU
		{FB2F7126-3599-4B4E-BFAA-018FD706E3B1}.Release|Any CPU.Build.0 = Release|Any CPU
	EndGlobalSection
	GlobalSection(SolutionProperties) = preSolution
		HideSolutionNode = FALSE
	EndGlobalSection
	GlobalSection(ExtensibilityGlobals) = postSolution
		SolutionGuid = {EB615534-6AF4-4737-AE35-1270BF6EB723}
	EndGlobalSection
EndGlobal
